
Microsoft Visual Studio Solution File, Format Version 12.00
# Visual Studio 15
VisualStudioVersion = 15.0.28010.2036
MinimumVisualStudioVersion = 10.0.40219.1
Project("{FAE04EC0-301F-11D3-BF4B-00C04F79EFBC}") = "SpeedUpCoreAPIExample", "SpeedUpCoreAPIExample\SpeedUpCoreAPIExample.csproj", "{1FC565AC-448D-4840-A81C-85A8CA724E43}"
EndProject
Global
	GlobalSection(SolutionConfigurationPlatforms) = preSolution
		Debug|Any CPU = Debug|Any CPU
		Release|Any CPU = Release|Any CPU
	EndGlobalSection
	GlobalSection(ProjectConfigurationPlatforms) = postSolution
		{1FC565AC-448D-4840-A81C-85A8CA724E43}.Debug|Any CPU.ActiveCfg = Debug|Any CPU
		{1FC565AC-448D-4840-A81C-85A8CA724E43}.Debug|Any CPU.Build.0 = Debug|Any CPU
		{1FC565AC-448D-4840-A81C-85A8CA724E43}.Release|Any CPU.ActiveCfg = Release|Any CPU
		{1FC565AC-448D-4840-A81C-85A8CA724E43}.Release|Any CPU.Build.0 = Release|Any CPU
	EndGlobalSection
	GlobalSection(SolutionProperties) = preSolution
		HideSolutionNode = FALSE
	EndGlobalSection
	GlobalSection(ExtensibilityGlobals) = postSolution
		SolutionGuid = {B6867EB6-E3B8-4492-9024-26AB81A53F73}
	EndGlobalSection
EndGlobal
